
Microsoft Visual Studio Solution File, Format Version 12.00
# Visual Studio 15
VisualStudioVersion = 15.0.27428.2027
MinimumVisualStudioVersion = 10.0.40219.1
Project("{FAE04EC0-301F-11D3-BF4B-00C04F79EFBC}") = "AccuWeather", "AccuWeather\AccuWeather.csproj", "{4447E232-D9E0-4512-874D-9F4FDDBE02B5}"
EndProject
Project("{FAE04EC0-301F-11D3-BF4B-00C04F79EFBC}") = "Helpers", "Helpers\Helpers.csproj", "{E19CC816-31DB-452A-AEEF-01E98BC09D9B}"
EndProject
Project("{FAE04EC0-301F-11D3-BF4B-00C04F79EFBC}") = "UnitTests", "UnitTests\UnitTests.csproj", "{DED1620B-2A9D-4DEE-9CB6-97EEC21388C6}"
EndProject
Project("{FAE04EC0-301F-11D3-BF4B-00C04F79EFBC}") = "UITestProject", "UITestProject\UITestProject.csproj", "{AEC9BE00-831A-43AB-AD95-43DED22D5F94}"
EndProject
Global
	GlobalSection(SolutionConfigurationPlatforms) = preSolution
		Debug|Any CPU = Debug|Any CPU
		Debug|ARM = Debug|ARM
		Debug|x64 = Debug|x64
		Debug|x86 = Debug|x86
		Release|Any CPU = Release|Any CPU
		Release|ARM = Release|ARM
		Release|x64 = Release|x64
		Release|x86 = Release|x86
	EndGlobalSection
	GlobalSection(ProjectConfigurationPlatforms) = postSolution
		{4447E232-D9E0-4512-874D-9F4FDDBE02B5}.Debug|Any CPU.ActiveCfg = Release|Any CPU
		{4447E232-D9E0-4512-874D-9F4FDDBE02B5}.Debug|Any CPU.Build.0 = Release|Any CPU
		{4447E232-D9E0-4512-874D-9F4FDDBE02B5}.Debug|Any CPU.Deploy.0 = Release|Any CPU
		{4447E232-D9E0-4512-874D-9F4FDDBE02B5}.Debug|ARM.ActiveCfg = Debug|Any CPU
		{4447E232-D9E0-4512-874D-9F4FDDBE02B5}.Debug|ARM.Build.0 = Debug|Any CPU
		{4447E232-D9E0-4512-874D-9F4FDDBE02B5}.Debug|ARM.Deploy.0 = Debug|Any CPU
		{4447E232-D9E0-4512-874D-9F4FDDBE02B5}.Debug|x64.ActiveCfg = Debug|Any CPU
		{4447E232-D9E0-4512-874D-9F4FDDBE02B5}.Debug|x64.Build.0 = Debug|Any CPU
		{4447E232-D9E0-4512-874D-9F4FDDBE02B5}.Debug|x64.Deploy.0 = Debug|Any CPU
		{4447E232-D9E0-4512-874D-9F4FDDBE02B5}.Debug|x86.ActiveCfg = Debug|Any CPU
		{4447E232-D9E0-4512-874D-9F4FDDBE02B5}.Debug|x86.Build.0 = Debug|Any CPU
		{4447E232-D9E0-4512-874D-9F4FDDBE02B5}.Debug|x86.Deploy.0 = Debug|Any CPU
		{4447E232-D9E0-4512-874D-9F4FDDBE02B5}.Release|Any CPU.ActiveCfg = Release|Any CPU
		{4447E232-D9E0-4512-874D-9F4FDDBE02B5}.Release|Any CPU.Build.0 = Release|Any CPU
		{4447E232-D9E0-4512-874D-9F4FDDBE02B5}.Release|Any CPU.Deploy.0 = Release|Any CPU
		{4447E232-D9E0-4512-874D-9F4FDDBE02B5}.Release|ARM.ActiveCfg = Release|Any CPU
		{4447E232-D9E0-4512-874D-9F4FDDBE02B5}.Release|ARM.Build.0 = Release|Any CPU
		{4447E232-D9E0-4512-874D-9F4FDDBE02B5}.Release|ARM.Deploy.0 = Release|Any CPU
		{4447E232-D9E0-4512-874D-9F4FDDBE02B5}.Release|x64.ActiveCfg = Release|Any CPU
		{4447E232-D9E0-4512-874D-9F4FDDBE02B5}.Release|x64.Build.0 = Release|Any CPU
		{4447E232-D9E0-4512-874D-9F4FDDBE02B5}.Release|x64.Deploy.0 = Release|Any CPU
		{4447E232-D9E0-4512-874D-9F4FDDBE02B5}.Release|x86.ActiveCfg = Release|Any CPU
		{4447E232-D9E0-4512-874D-9F4FDDBE02B5}.Release|x86.Build.0 = Release|Any CPU
		{4447E232-D9E0-4512-874D-9F4FDDBE02B5}.Release|x86.Deploy.0 = Release|Any CPU
		{E19CC816-31DB-452A-AEEF-01E98BC09D9B}.Debug|Any CPU.ActiveCfg = Release|Any CPU
		{E19CC816-31DB-452A-AEEF-01E98BC09D9B}.Debug|Any CPU.Build.0 = Release|Any CPU
		{E19CC816-31DB-452A-AEEF-01E98BC09D9B}.Debug|ARM.ActiveCfg = Debug|Any CPU
		{E19CC816-31DB-452A-AEEF-01E98BC09D9B}.Debug|ARM.Build.0 = Debug|Any CPU
		{E19CC816-31DB-452A-AEEF-01E98BC09D9B}.Debug|x64.ActiveCfg = Debug|Any CPU
		{E19CC816-31DB-452A-AEEF-01E98BC09D9B}.Debug|x64.Build.0 = Debug|Any CPU
		{E19CC816-31DB-452A-AEEF-01E98BC09D9B}.Debug|x86.ActiveCfg = Debug|Any CPU
		{E19CC816-31DB-452A-AEEF-01E98BC09D9B}.Debug|x86.Build.0 = Debug|Any CPU
		{E19CC816-31DB-452A-AEEF-01E98BC09D9B}.Release|Any CPU.ActiveCfg = Release|Any CPU
		{E19CC816-31DB-452A-AEEF-01E98BC09D9B}.Release|Any CPU.Build.0 = Release|Any CPU
		{E19CC816-31DB-452A-AEEF-01E98BC09D9B}.Release|ARM.ActiveCfg = Release|Any CPU
		{E19CC816-31DB-452A-AEEF-01E98BC09D9B}.Release|ARM.Build.0 = Release|Any CPU
		{E19CC816-31DB-452A-AEEF-01E98BC09D9B}.Release|x64.ActiveCfg = Release|Any CPU
		{E19CC816-31DB-452A-AEEF-01E98BC09D9B}.Release|x64.Build.0 = Release|Any CPU
		{E19CC816-31DB-452A-AEEF-01E98BC09D9B}.Release|x86.ActiveCfg = Release|Any CPU
		{E19CC816-31DB-452A-AEEF-01E98BC09D9B}.Release|x86.Build.0 = Release|Any CPU
		{DED1620B-2A9D-4DEE-9CB6-97EEC21388C6}.Debug|Any CPU.ActiveCfg = Release|Any CPU
		{DED1620B-2A9D-4DEE-9CB6-97EEC21388C6}.Debug|Any CPU.Build.0 = Release|Any CPU
		{DED1620B-2A9D-4DEE-9CB6-97EEC21388C6}.Debug|ARM.ActiveCfg = Debug|Any CPU
		{DED1620B-2A9D-4DEE-9CB6-97EEC21388C6}.Debug|ARM.Build.0 = Debug|Any CPU
		{DED1620B-2A9D-4DEE-9CB6-97EEC21388C6}.Debug|x64.ActiveCfg = Debug|Any CPU
		{DED1620B-2A9D-4DEE-9CB6-97EEC21388C6}.Debug|x64.Build.0 = Debug|Any CPU
		{DED1620B-2A9D-4DEE-9CB6-97EEC21388C6}.Debug|x86.ActiveCfg = Debug|Any CPU
		{DED1620B-2A9D-4DEE-9CB6-97EEC21388C6}.Debug|x86.Build.0 = Debug|Any CPU
		{DED1620B-2A9D-4DEE-9CB6-97EEC21388C6}.Release|Any CPU.ActiveCfg = Release|Any CPU
		{DED1620B-2A9D-4DEE-9CB6-97EEC21388C6}.Release|Any CPU.Build.0 = Release|Any CPU
		{DED1620B-2A9D-4DEE-9CB6-97EEC21388C6}.Release|ARM.ActiveCfg = Release|Any CPU
		{DED1620B-2A9D-4DEE-9CB6-97EEC21388C6}.Release|ARM.Build.0 = Release|Any CPU
		{DED1620B-2A9D-4DEE-9CB6-97EEC21388C6}.Release|x64.ActiveCfg = Release|Any CPU
		{DED1620B-2A9D-4DEE-9CB6-97EEC21388C6}.Release|x64.Build.0 = Release|Any CPU
		{DED1620B-2A9D-4DEE-9CB6-97EEC21388C6}.Release|x86.ActiveCfg = Release|Any CPU
		{DED1620B-2A9D-4DEE-9CB6-97EEC21388C6}.Release|x86.Build.0 = Release|Any CPU
		{AEC9BE00-831A-43AB-AD95-43DED22D5F94}.Debug|Any CPU.ActiveCfg = Debug|Any CPU
		{AEC9BE00-831A-43AB-AD95-43DED22D5F94}.Debug|Any CPU.Build.0 = Debug|Any CPU
		{AEC9BE00-831A-43AB-AD95-43DED22D5F94}.Debug|ARM.ActiveCfg = Debug|Any CPU
		{AEC9BE00-831A-43AB-AD95-43DED22D5F94}.Debug|ARM.Build.0 = Debug|Any CPU
		{AEC9BE00-831A-43AB-AD95-43DED22D5F94}.Debug|x64.ActiveCfg = Debug|Any CPU
		{AEC9BE00-831A-43AB-AD95-43DED22D5F94}.Debug|x64.Build.0 = Debug|Any CPU
		{AEC9BE00-831A-43AB-AD95-43DED22D5F94}.Debug|x86.ActiveCfg = Debug|Any CPU
		{AEC9BE00-831A-43AB-AD95-43DED22D5F94}.Debug|x86.Build.0 = Debug|Any CPU
		{AEC9BE00-831A-43AB-AD95-43DED22D5F94}.Release|Any CPU.ActiveCfg = Release|Any CPU
		{AEC9BE00-831A-43AB-AD95-43DED22D5F94}.Release|Any CPU.Build.0 = Release|Any CPU
		{AEC9BE00-831A-43AB-AD95-43DED22D5F94}.Release|ARM.ActiveCfg = Release|Any CPU
		{AEC9BE00-831A-43AB-AD95-43DED22D5F94}.Release|ARM.Build.0 = Release|Any CPU
		{AEC9BE00-831A-43AB-AD95-43DED22D5F94}.Release|x64.ActiveCfg = Release|Any CPU
		{AEC9BE00-831A-43AB-AD95-43DED22D5F94}.Release|x64.Build.0 = Release|Any CPU
		{AEC9BE00-831A-43AB-AD95-43DED22D5F94}.Release|x86.ActiveCfg = Release|Any CPU
		{AEC9BE00-831A-43AB-AD95-43DED22D5F94}.Release|x86.Build.0 = Release|Any CPU
	EndGlobalSection
	GlobalSection(SolutionProperties) = preSolution
		HideSolutionNode = FALSE
	EndGlobalSection
	GlobalSection(ExtensibilityGlobals) = postSolution
		SolutionGuid = {844804B5-4BA3-4B4C-A7C8-94F89E7483FF}
	EndGlobalSection
EndGlobal
